
Microsoft Visual Studio Solution File, Format Version 12.00
# Visual Studio Version 17
VisualStudioVersion = 17.11.35327.3
MinimumVisualStudioVersion = 10.0.40219.1
Project("{FAE04EC0-301F-11D3-BF4B-00C04F79EFBC}") = "Retro Fighters Arcade", "Retro Fighters Arcade\Retro Fighters Arcade.csproj", "{6DFBEDAA-54FD-474A-B311-9391F4645089}"
EndProject
Global
	GlobalSection(SolutionConfigurationPlatforms) = preSolution
		Debug|Any CPU = Debug|Any CPU
		Release|Any CPU = Release|Any CPU
	EndGlobalSection
	GlobalSection(ProjectConfigurationPlatforms) = postSolution
		{6DFBEDAA-54FD-474A-B311-9391F4645089}.Debug|Any CPU.ActiveCfg = Debug|Any CPU
		{6DFBEDAA-54FD-474A-B311-9391F4645089}.Debug|Any CPU.Build.0 = Debug|Any CPU
		{6DFBEDAA-54FD-474A-B311-9391F4645089}.Release|Any CPU.ActiveCfg = Release|Any CPU
		{6DFBEDAA-54FD-474A-B311-9391F4645089}.Release|Any CPU.Build.0 = Release|Any CPU
	EndGlobalSection
	GlobalSection(SolutionProperties) = preSolution
		HideSolutionNode = FALSE
	EndGlobalSection
	GlobalSection(ExtensibilityGlobals) = postSolution
		SolutionGuid = {C03973C9-8BCC-407D-9022-25CC7F4660D7}
	EndGlobalSection
EndGlobal
